<?xml version="1.0" encoding="utf-8"?>
<Project ToolsVersion="4.0" xmlns="http://schemas.microsoft.com/developer/msbuild/2003">
  <ItemGroup>
    <Filter Include="Source Files">
      <UniqueIdentifier>{4FC737F1-C7A5-4376-A066-2A32D752A2FF}</UniqueIdentifier>
      <Extensions>cpp;c;cc;cxx;def;odl;idl;hpj;bat;asm;asmx</Extensions>
    </Filter>
    <Filter Include="Header Files">
      <UniqueIdentifier>{93995380-89BD-4b04-88EB-625FBE52EBFB}</UniqueIdentifier>
      <Extensions>h;hh;hpp;hxx;hm;inl;inc;ipp;xsd</Extensions>
    </Filter>
    <Filter Include="Resource Files">
      <UniqueIdentifier>{67DA6AB6-F800-4c08-8B7A-83BB121AAD01}</UniqueIdentifier>
      <Extensions>rc;ico;cur;bmp;dlg;rc2;rct;bin;rgs;gif;jpg;jpeg;jpe;resx;tiff;tif;png;wav;mfcribbon-ms</Extensions>
    </Filter>
    <Filter Include="Header Files\code">
      <UniqueIdentifier>{4041426b-9e0e-41ff-a41f-4a77820948ca}</UniqueIdentifier>
    </Filter>
    <Filter Include="Header Files\code\polmod">
      <UniqueIdentifier>{cb5d5154-37da-4e8e-afc9-f76c6ef7999d}</UniqueIdentifier>
    </Filter>
    <Filter Include="Header Files\code\poldek">
      <UniqueIdentifier>{fd2eb308-10c3-4142-94eb-767b2d964898}</UniqueIdentifier>
    </Filter>
  </ItemGroup>
  <ItemGroup>
    <ClInclude Include="framework.h">
      <Filter>Header Files</Filter>
    </ClInclude>
    <ClInclude Include="pch.h">
      <Filter>Header Files</Filter>
    </ClInclude>
    <ClInclude Include="code\poldek.h">
      <Filter>Header Files\code</Filter>
    </ClInclude>
    <ClInclude Include="code\polmod.h">
      <Filter>Header Files\code</Filter>
    </ClInclude>
    <ClInclude Include="IniReader.h">
      <Filter>Header Files</Filter>
    </ClInclude>
    <ClInclude Include="code\poldekmp.h">
      <Filter>Header Files\code</Filter>
    </ClInclude>
    <ClInclude Include="code\main.h">
      <Filter>Header Files\code</Filter>
    </ClInclude>
    <ClInclude Include="dllmain.h">
      <Filter>Header Files</Filter>
    </ClInclude>
    <ClInclude Include="code\eSettingsManager.h">
      <Filter>Header Files\code</Filter>
    </ClInclude>
    <ClInclude Include="code\eNewFrontend.h">
      <Filter>Header Files\code\polmod</Filter>
    </ClInclude>
    <ClInclude Include="code\poldek\music.h">
      <Filter>Header Files\code\poldek</Filter>
    </ClInclude>
    <ClInclude Include="code\poldek\core.h">
      <Filter>Header Files\code\poldek</Filter>
    </ClInclude>
  </ItemGroup>
  <ItemGroup>
    <ClCompile Include="dllmain.cpp">
      <Filter>Source Files</Filter>
    </ClCompile>
    <ClCompile Include="pch.cpp">
      <Filter>Source Files</Filter>
    </ClCompile>
    <ClCompile Include="code\polmod.cpp">
      <Filter>Header Files\code</Filter>
    </ClCompile>
    <ClCompile Include="code\poldek.cpp">
      <Filter>Header Files\code</Filter>
    </ClCompile>
    <ClCompile Include="IniReader.cpp">
      <Filter>Header Files</Filter>
    </ClCompile>
    <ClCompile Include="code\poldekmp.cpp">
      <Filter>Header Files\code</Filter>
    </ClCompile>
    <ClCompile Include="code\main.cpp">
      <Filter>Header Files\code</Filter>
    </ClCompile>
    <ClCompile Include="code\eSettingsManager.cpp">
      <Filter>Header Files\code</Filter>
    </ClCompile>
    <ClCompile Include="code\eNewFrontend.cpp">
      <Filter>Header Files\code\polmod</Filter>
    </ClCompile>
    <ClCompile Include="code\poldek\music.cpp">
      <Filter>Header Files\code\poldek</Filter>
    </ClCompile>
  </ItemGroup>
</Project>