
Microsoft Visual Studio Solution File, Format Version 12.00
# Visual Studio Version 16
VisualStudioVersion = 16.0.29905.134
MinimumVisualStudioVersion = 10.0.40219.1
Project("{8BC9CEB8-8B4A-11D0-8D11-00A0C91BC942}") = "PolMod", "PolMod.vcxproj", "{CC4B5109-9825-466C-B7F1-9B2E4CFF8D68}"
EndProject
Global
	GlobalSection(SolutionConfigurationPlatforms) = preSolution
		Debug|x64 = Debug|x64
		Debug|x86 = Debug|x86
		Release|x64 = Release|x64
		Release|x86 = Release|x86
		Release-Multiplayer|x64 = Release-Multiplayer|x64
		Release-Multiplayer|x86 = Release-Multiplayer|x86
	EndGlobalSection
	GlobalSection(ProjectConfigurationPlatforms) = postSolution
		{CC4B5109-9825-466C-B7F1-9B2E4CFF8D68}.Debug|x64.ActiveCfg = Debug|x64
		{CC4B5109-9825-466C-B7F1-9B2E4CFF8D68}.Debug|x64.Build.0 = Debug|x64
		{CC4B5109-9825-466C-B7F1-9B2E4CFF8D68}.Debug|x86.ActiveCfg = Debug|Win32
		{CC4B5109-9825-466C-B7F1-9B2E4CFF8D68}.Debug|x86.Build.0 = Debug|Win32
		{CC4B5109-9825-466C-B7F1-9B2E4CFF8D68}.Release|x64.ActiveCfg = Release|x64
		{CC4B5109-9825-466C-B7F1-9B2E4CFF8D68}.Release|x64.Build.0 = Release|x64
		{CC4B5109-9825-466C-B7F1-9B2E4CFF8D68}.Release|x86.ActiveCfg = Release|Win32
		{CC4B5109-9825-466C-B7F1-9B2E4CFF8D68}.Release|x86.Build.0 = Release|Win32
		{CC4B5109-9825-466C-B7F1-9B2E4CFF8D68}.Release-Multiplayer|x64.ActiveCfg = Release-Multiplayer|x64
		{CC4B5109-9825-466C-B7F1-9B2E4CFF8D68}.Release-Multiplayer|x64.Build.0 = Release-Multiplayer|x64
		{CC4B5109-9825-466C-B7F1-9B2E4CFF8D68}.Release-Multiplayer|x86.ActiveCfg = Release-Multiplayer|Win32
		{CC4B5109-9825-466C-B7F1-9B2E4CFF8D68}.Release-Multiplayer|x86.Build.0 = Release-Multiplayer|Win32
	EndGlobalSection
	GlobalSection(SolutionProperties) = preSolution
		HideSolutionNode = FALSE
	EndGlobalSection
	GlobalSection(ExtensibilityGlobals) = postSolution
		SolutionGuid = {282371B3-F101-40AE-8855-0BFB7CF50D04}
	EndGlobalSection
EndGlobal
